
Microsoft Visual Studio Solution File, Format Version 12.00
# Visual Studio Version 16
VisualStudioVersion = 16.0.30114.105
MinimumVisualStudioVersion = 10.0.40219.1
Project("{FAE04EC0-301F-11D3-BF4B-00C04F79EFBC}") = "cadastro-livros", "src\cadastro-livros.csproj", "{5777E948-A2BF-49D7-A0F1-045EB1ED5115}"
EndProject
Project("{FAE04EC0-301F-11D3-BF4B-00C04F79EFBC}") = "testesApi", "testesApi\testesApi.csproj", "{9918BAE2-BD81-4053-BFD5-FC11115BFD29}"
EndProject
Global
	GlobalSection(SolutionConfigurationPlatforms) = preSolution
		Debug|Any CPU = Debug|Any CPU
		Release|Any CPU = Release|Any CPU
	EndGlobalSection
	GlobalSection(SolutionProperties) = preSolution
		HideSolutionNode = FALSE
	EndGlobalSection
	GlobalSection(ProjectConfigurationPlatforms) = postSolution
		{5777E948-A2BF-49D7-A0F1-045EB1ED5115}.Debug|Any CPU.ActiveCfg = Debug|Any CPU
		{5777E948-A2BF-49D7-A0F1-045EB1ED5115}.Debug|Any CPU.Build.0 = Debug|Any CPU
		{5777E948-A2BF-49D7-A0F1-045EB1ED5115}.Release|Any CPU.ActiveCfg = Release|Any CPU
		{5777E948-A2BF-49D7-A0F1-045EB1ED5115}.Release|Any CPU.Build.0 = Release|Any CPU
		{9918BAE2-BD81-4053-BFD5-FC11115BFD29}.Debug|Any CPU.ActiveCfg = Debug|Any CPU
		{9918BAE2-BD81-4053-BFD5-FC11115BFD29}.Debug|Any CPU.Build.0 = Debug|Any CPU
		{9918BAE2-BD81-4053-BFD5-FC11115BFD29}.Release|Any CPU.ActiveCfg = Release|Any CPU
		{9918BAE2-BD81-4053-BFD5-FC11115BFD29}.Release|Any CPU.Build.0 = Release|Any CPU
	EndGlobalSection
EndGlobal
